{
  "name": "WEEK-1-CODE-CHALLENGE",
  "lockfileVersion": 3,
  "requires": true,
  "packages": {}
}
1.first challenge solution

Marks (Grade Generator)

Speed Detector

Salary Calculator

Here’s the clean version you can use directly 👇

JavaScript Practice Programs

This repository contains three simple JavaScript programs written for practice. Each program demonstrates the use of const, conditional statements, and basic arithmetic operations.

1. Student Grade Generator

Description:
A program that takes student marks (between 0–100) and outputs the correct grade.

Grading Criteria:

A: > 79

B: 60–79

C: 50–59

D: 40–49

E: less than 40

Example:

const marks = 90;
// Output: Grade: A

2. Second challengr question....how to solve

Description:
A program that takes as input the speed of a car and calculates demerit points.

Rules:

If speed < 70 → print "Ok".

If speed > 70 → 1 demerit point for every 5 km/s above 70.

If points > 12 → print "License suspended".

Example:

const speed = 80;
// Output: Points: 2

3. third challenge....how to calculate net salary

Description:
A program that calculates an individual’s Net Salary by using inputs of basic salary and benefits.

Calculations include:

Gross Salary

PAYE (Tax) based on KRA tax bands

NSSF deductions (Tier I & Tier II)

SHIF deduction (2.75% of gross salary)

Net Salary

Example:

const basicSalary = 50000;
const benefits = 10000;

// Output:
// Gross Salary: 60000
// PAYE (Tax): ...
// NSSF: ...
// SHIF: ...
// Net Salary: ...

How to Run

Save each program in its own file:

marks.js

speed.js

salary.js

Run the programs using Node.js:

node marks.js
node speed.js
node salary.js


Or paste the code into the browser console (F12 → Console).

👉 Do you also want me to prepare the exact final versions of marks.js, speed.js, and salary.js so you can just copy-paste them into your repo along with this README.md?